{
  "version": 4,
  "terraform_version": "1.10.0",
  "serial": 102,
  "lineage": "1a3ea65c-ae41-0683-810e-8ce5de2d855a",
  "outputs": {
    "cluster_arn": {
      "value": "arn:aws:eks:us-east-2:085336933284:cluster/kubernetes-example",
      "type": "string"
    },
    "cluster_endpoint": {
      "value": "https://C92A8AA323A2D84523BDB3C2A6C5707D.gr7.us-east-2.eks.amazonaws.com",
      "type": "string"
    },
    "service_endpoint": {
      "value": "http://af251442be91141e9a2bf55827e395bc-977784699.us-east-2.elb.amazonaws.com",
      "type": "string"
    }
  },
  "resources": [
    {
      "mode": "data",
      "type": "aws_eks_cluster_auth",
      "name": "cluster",
      "provider": "provider[\"registry.terraform.io/hashicorp/aws\"]",
      "instances": [
        {
          "schema_version": 0,
          "attributes": {
            "id": "kubernetes-example",
            "name": "kubernetes-example",
            "token": "k8s-aws-v1.aHR0cHM6Ly9zdHMudXMtZWFzdC0yLmFtYXpvbmF3cy5jb20vP0FjdGlvbj1HZXRDYWxsZXJJZGVudGl0eSZWZXJzaW9uPTIwMTEtMDYtMTUmWC1BbXotQWxnb3JpdGhtPUFXUzQtSE1BQy1TSEEyNTYmWC1BbXotQ3JlZGVudGlhbD1BS0lBUkhYVDJJT1NOM0dWTU1OQSUyRjIwMjQxMjIyJTJGdXMtZWFzdC0yJTJGc3RzJTJGYXdzNF9yZXF1ZXN0JlgtQW16LURhdGU9MjAyNDEyMjJUMjEwODEzWiZYLUFtei1FeHBpcmVzPTAmWC1BbXotU2lnbmVkSGVhZGVycz1ob3N0JTNCeC1rOHMtYXdzLWlkJlgtQW16LVNpZ25hdHVyZT1jNzNmY2Q5YmU1YTA3ODY2NjQ1ZDJiN2RhNWM2ZjMyMzBhMjZkODdjNjIwNmZkMDk2N2M5OTk4YzYzNjhlNzdl"
          },
          "sensitive_attributes": [
            [
              {
                "type": "get_attr",
                "value": "token"
              }
            ]
          ]
        }
      ]
    },
    {
      "module": "module.eks_cluster",
      "mode": "data",
      "type": "aws_iam_policy_document",
      "name": "cluster_assume_role",
      "provider": "provider[\"registry.terraform.io/hashicorp/aws\"]",
      "instances": [
        {
          "schema_version": 0,
          "attributes": {
            "id": "3552664922",
            "json": "{\n  \"Version\": \"2012-10-17\",\n  \"Statement\": [\n    {\n      \"Effect\": \"Allow\",\n      \"Action\": \"sts:AssumeRole\",\n      \"Principal\": {\n        \"Service\": \"eks.amazonaws.com\"\n      }\n    }\n  ]\n}",
            "minified_json": "{\"Version\":\"2012-10-17\",\"Statement\":[{\"Effect\":\"Allow\",\"Action\":\"sts:AssumeRole\",\"Principal\":{\"Service\":\"eks.amazonaws.com\"}}]}",
            "override_json": null,
            "override_policy_documents": null,
            "policy_id": null,
            "source_json": null,
            "source_policy_documents": null,
            "statement": [
              {
                "actions": [
                  "sts:AssumeRole"
                ],
                "condition": [],
                "effect": "Allow",
                "not_actions": [],
                "not_principals": [],
                "not_resources": [],
                "principals": [
                  {
                    "identifiers": [
                      "eks.amazonaws.com"
                    ],
                    "type": "Service"
                  }
                ],
                "resources": [],
                "sid": ""
              }
            ],
            "version": "2012-10-17"
          },
          "sensitive_attributes": []
        }
      ]
    },
    {
      "module": "module.eks_cluster",
      "mode": "data",
      "type": "aws_iam_policy_document",
      "name": "node_assume_role",
      "provider": "provider[\"registry.terraform.io/hashicorp/aws\"]",
      "instances": [
        {
          "schema_version": 0,
          "attributes": {
            "id": "2851119427",
            "json": "{\n  \"Version\": \"2012-10-17\",\n  \"Statement\": [\n    {\n      \"Effect\": \"Allow\",\n      \"Action\": \"sts:AssumeRole\",\n      \"Principal\": {\n        \"Service\": \"ec2.amazonaws.com\"\n      }\n    }\n  ]\n}",
            "minified_json": "{\"Version\":\"2012-10-17\",\"Statement\":[{\"Effect\":\"Allow\",\"Action\":\"sts:AssumeRole\",\"Principal\":{\"Service\":\"ec2.amazonaws.com\"}}]}",
            "override_json": null,
            "override_policy_documents": null,
            "policy_id": null,
            "source_json": null,
            "source_policy_documents": null,
            "statement": [
              {
                "actions": [
                  "sts:AssumeRole"
                ],
                "condition": [],
                "effect": "Allow",
                "not_actions": [],
                "not_principals": [],
                "not_resources": [],
                "principals": [
                  {
                    "identifiers": [
                      "ec2.amazonaws.com"
                    ],
                    "type": "Service"
                  }
                ],
                "resources": [],
                "sid": ""
              }
            ],
            "version": "2012-10-17"
          },
          "sensitive_attributes": []
        }
      ]
    },
    {
      "module": "module.eks_cluster",
      "mode": "data",
      "type": "aws_subnets",
      "name": "default",
      "provider": "provider[\"registry.terraform.io/hashicorp/aws\"]",
      "instances": [
        {
          "schema_version": 0,
          "attributes": {
            "filter": [
              {
                "name": "vpc-id",
                "values": [
                  "vpc-03ced1f4762bfb200"
                ]
              }
            ],
            "id": "us-east-2",
            "ids": [
              "subnet-0b610636efe2a1157",
              "subnet-094b2ccbb965fdf46",
              "subnet-0f53753938d749cb4"
            ],
            "tags": null,
            "timeouts": null
          },
          "sensitive_attributes": []
        }
      ]
    },
    {
      "module": "module.eks_cluster",
      "mode": "data",
      "type": "aws_vpc",
      "name": "default",
      "provider": "provider[\"registry.terraform.io/hashicorp/aws\"]",
      "instances": [
        {
          "schema_version": 0,
          "attributes": {
            "arn": "arn:aws:ec2:us-east-2:085336933284:vpc/vpc-03ced1f4762bfb200",
            "cidr_block": "172.31.0.0/16",
            "cidr_block_associations": [
              {
                "association_id": "vpc-cidr-assoc-03aa600ae971b7ddb",
                "cidr_block": "172.31.0.0/16",
                "state": "associated"
              }
            ],
            "default": true,
            "dhcp_options_id": "dopt-0b7e8b9e1f5d14d52",
            "enable_dns_hostnames": true,
            "enable_dns_support": true,
            "enable_network_address_usage_metrics": false,
            "filter": null,
            "id": "vpc-03ced1f4762bfb200",
            "instance_tenancy": "default",
            "ipv6_association_id": "",
            "ipv6_cidr_block": "",
            "main_route_table_id": "rtb-0bac8bf7b0a663404",
            "owner_id": "085336933284",
            "state": null,
            "tags": {},
            "timeouts": null
          },
          "sensitive_attributes": []
        }
      ]
    },
    {
      "module": "module.eks_cluster",
      "mode": "managed",
      "type": "aws_eks_cluster",
      "name": "cluster",
      "provider": "provider[\"registry.terraform.io/hashicorp/aws\"]",
      "instances": [
        {
          "schema_version": 1,
          "attributes": {
            "access_config": [
              {
                "authentication_mode": "CONFIG_MAP",
                "bootstrap_cluster_creator_admin_permissions": true
              }
            ],
            "arn": "arn:aws:eks:us-east-2:085336933284:cluster/kubernetes-example",
            "bootstrap_self_managed_addons": true,
            "certificate_authority": [
              {
                "data": "LS0tLS1CRUdJTiBDRVJUSUZJQ0FURS0tLS0tCk1JSURCVENDQWUyZ0F3SUJBZ0lJRy81ZGRHK21zSlV3RFFZSktvWklodmNOQVFFTEJRQXdGVEVUTUJFR0ExVUUKQXhNS2EzVmlaWEp1WlhSbGN6QWVGdzB5TkRFeU1qSXlNVEEzTkRCYUZ3MHpOREV5TWpBeU1URXlOREJhTUJVeApFekFSQmdOVkJBTVRDbXQxWW1WeWJtVjBaWE13Z2dFaU1BMEdDU3FHU0liM0RRRUJBUVVBQTRJQkR3QXdnZ0VLCkFvSUJBUUN3M2RYczV3aENDdk82MjdEMzZBMnVyamxKK3JpZFhqWjNDdjBRdG1Kc0g2QWhlQjRKOXIyNy9XUGMKelp4N25GL0RaRjVpRXJYMS9VTXgzZVY2QnRaa2psUmJPYVVTZEg4amw1RjUwMUhIcHZZU3k3bS94WnJUWUdrbQoyeFVFTlFQYVQ4eHY3Z0gvaU9GNDZlTStYZ1RpSDBXRHduY3dYUUN3VThyNkxmTjR0Tk9uK2JaR0lreE5YRENMClMxM2YwRFkwdEd2dzByaWRlU3BFZmNYZkhIVm9XVkV5V3pQSE1VV2VCVnZ2U2lUL1krWDZ4M015Z3BLUWNjN3gKN2J1ZG9VeDZTRVRvZ3FjQlc1dklkRzJLVlhCSlVaQXVDWWZXRmcvZWJZTDdCODNNeWkyOWhheEgvb3BjbGMxLwpEMlI1ZFVYSFJPWHVRTm03WHU1WEh5ZmVoTnFsQWdNQkFBR2pXVEJYTUE0R0ExVWREd0VCL3dRRUF3SUNwREFQCkJnTlZIUk1CQWY4RUJUQURBUUgvTUIwR0ExVWREZ1FXQkJSQ1dTWndCNXhSMkZmSDU5S1NTODV2YUpPcWh6QVYKQmdOVkhSRUVEakFNZ2dwcmRXSmxjbTVsZEdWek1BMEdDU3FHU0liM0RRRUJDd1VBQTRJQkFRQVVlVldWR1h0MwpHUjgvMXdtbytYMndNUWxaWlUxY09sa0lyUzZLNUV5OXdiZDFjOHJMRUFxekg0aHBJUnlQRmcySGgxQ0thUDRNCmJvRDZQd2FKZldyR2JnTHE0dXlvR2JsN0lRci9QZHI3cldZaUFFWHRWOE14SEdNdGZJZFNxczkyU2Q2bm1ITEEKeVdsMG4vVmZRMVpXM21RelphbVJ5QUV5M3BJWXJPVzUzM1pKbzJpVENtbE5sWld0d0RsRk9TalZ6N05uWXoyWgpHaTZxVjJsbXJFZ2MrSUhWUGU2WThqdmRrKzgwRlozVjJQZnFCWSthYmdMZGowTGtuTDdKdEpaK3ZSN0dDMWdiCjAySkdyZ21MNTVkUU5pSnBBNzJFTnBBTjBiSFlpbjFyblN6dTdZem1mV2hLeDhkcmRBcUJqOGE3eTlPSEluaHAKdkVFbExPWmt3MEl2Ci0tLS0tRU5EIENFUlRJRklDQVRFLS0tLS0K"
              }
            ],
            "cluster_id": null,
            "compute_config": [],
            "created_at": "2024-12-22T21:08:22Z",
            "enabled_cluster_log_types": null,
            "encryption_config": [],
            "endpoint": "https://C92A8AA323A2D84523BDB3C2A6C5707D.gr7.us-east-2.eks.amazonaws.com",
            "id": "kubernetes-example",
            "identity": [
              {
                "oidc": [
                  {
                    "issuer": "https://oidc.eks.us-east-2.amazonaws.com/id/C92A8AA323A2D84523BDB3C2A6C5707D"
                  }
                ]
              }
            ],
            "kubernetes_network_config": [
              {
                "elastic_load_balancing": [
                  {
                    "enabled": false
                  }
                ],
                "ip_family": "ipv4",
                "service_ipv4_cidr": "10.100.0.0/16",
                "service_ipv6_cidr": ""
              }
            ],
            "name": "kubernetes-example",
            "outpost_config": [],
            "platform_version": "eks.38",
            "remote_network_config": [],
            "role_arn": "arn:aws:iam::085336933284:role/kubernetes-example-cluster-role",
            "status": "ACTIVE",
            "storage_config": [],
            "tags": null,
            "tags_all": {},
            "timeouts": null,
            "upgrade_policy": [
              {
                "support_type": "EXTENDED"
              }
            ],
            "version": "1.26",
            "vpc_config": [
              {
                "cluster_security_group_id": "sg-0d91613a7c505741f",
                "endpoint_private_access": false,
                "endpoint_public_access": true,
                "public_access_cidrs": [
                  "0.0.0.0/0"
                ],
                "security_group_ids": null,
                "subnet_ids": [
                  "subnet-094b2ccbb965fdf46",
                  "subnet-0b610636efe2a1157",
                  "subnet-0f53753938d749cb4"
                ],
                "vpc_id": "vpc-03ced1f4762bfb200"
              }
            ],
            "zonal_shift_config": []
          },
          "sensitive_attributes": [],
          "private": "eyJlMmJmYjczMC1lY2FhLTExZTYtOGY4OC0zNDM2M2JjN2M0YzAiOnsiY3JlYXRlIjoxODAwMDAwMDAwMDAwLCJkZWxldGUiOjkwMDAwMDAwMDAwMCwidXBkYXRlIjozNjAwMDAwMDAwMDAwfSwic2NoZW1hX3ZlcnNpb24iOiIxIn0=",
          "dependencies": [
            "module.eks_cluster.aws_iam_role.cluster",
            "module.eks_cluster.aws_iam_role_policy_attachment.AmazonEKSClusterPolicy",
            "module.eks_cluster.data.aws_iam_policy_document.cluster_assume_role",
            "module.eks_cluster.data.aws_subnets.default",
            "module.eks_cluster.data.aws_vpc.default"
          ]
        }
      ]
    },
    {
      "module": "module.eks_cluster",
      "mode": "managed",
      "type": "aws_eks_node_group",
      "name": "nodes",
      "provider": "provider[\"registry.terraform.io/hashicorp/aws\"]",
      "instances": [
        {
          "schema_version": 0,
          "attributes": {
            "ami_type": "AL2_x86_64",
            "arn": "arn:aws:eks:us-east-2:085336933284:nodegroup/kubernetes-example/kubernetes-example/aac9f81c-754f-6b0a-a1c7-f982497a7848",
            "capacity_type": "ON_DEMAND",
            "cluster_name": "kubernetes-example",
            "disk_size": 20,
            "force_update_version": null,
            "id": "kubernetes-example:kubernetes-example",
            "instance_types": [
              "t3.small"
            ],
            "labels": null,
            "launch_template": [],
            "node_group_name": "kubernetes-example",
            "node_group_name_prefix": "",
            "node_role_arn": "arn:aws:iam::085336933284:role/kubernetes-example-node-group",
            "release_version": "1.26.15-20241213",
            "remote_access": [],
            "resources": [
              {
                "autoscaling_groups": [
                  {
                    "name": "eks-kubernetes-example-aac9f81c-754f-6b0a-a1c7-f982497a7848"
                  }
                ],
                "remote_access_security_group_id": ""
              }
            ],
            "scaling_config": [
              {
                "desired_size": 1,
                "max_size": 2,
                "min_size": 1
              }
            ],
            "status": "ACTIVE",
            "subnet_ids": [
              "subnet-094b2ccbb965fdf46",
              "subnet-0b610636efe2a1157",
              "subnet-0f53753938d749cb4"
            ],
            "tags": null,
            "tags_all": {},
            "taint": [],
            "timeouts": null,
            "update_config": [
              {
                "max_unavailable": 1,
                "max_unavailable_percentage": 0
              }
            ],
            "version": "1.26"
          },
          "sensitive_attributes": [],
          "private": "eyJlMmJmYjczMC1lY2FhLTExZTYtOGY4OC0zNDM2M2JjN2M0YzAiOnsiY3JlYXRlIjozNjAwMDAwMDAwMDAwLCJkZWxldGUiOjM2MDAwMDAwMDAwMDAsInVwZGF0ZSI6MzYwMDAwMDAwMDAwMH19",
          "dependencies": [
            "module.eks_cluster.aws_eks_cluster.cluster",
            "module.eks_cluster.aws_iam_role.cluster",
            "module.eks_cluster.aws_iam_role.node_group",
            "module.eks_cluster.aws_iam_role_policy_attachment.AmazonEC2ContainerRegistryReadOnly",
            "module.eks_cluster.aws_iam_role_policy_attachment.AmazonEKSClusterPolicy",
            "module.eks_cluster.aws_iam_role_policy_attachment.AmazonEKSWorkerNodePolicy",
            "module.eks_cluster.aws_iam_role_policy_attachment.AmazonEKS_CNI_Policy",
            "module.eks_cluster.data.aws_iam_policy_document.cluster_assume_role",
            "module.eks_cluster.data.aws_iam_policy_document.node_assume_role",
            "module.eks_cluster.data.aws_subnets.default",
            "module.eks_cluster.data.aws_vpc.default"
          ]
        }
      ]
    },
    {
      "module": "module.eks_cluster",
      "mode": "managed",
      "type": "aws_iam_role",
      "name": "cluster",
      "provider": "provider[\"registry.terraform.io/hashicorp/aws\"]",
      "instances": [
        {
          "schema_version": 0,
          "attributes": {
            "arn": "arn:aws:iam::085336933284:role/kubernetes-example-cluster-role",
            "assume_role_policy": "{\"Statement\":[{\"Action\":\"sts:AssumeRole\",\"Effect\":\"Allow\",\"Principal\":{\"Service\":\"eks.amazonaws.com\"}}],\"Version\":\"2012-10-17\"}",
            "create_date": "2024-12-22T21:08:17Z",
            "description": "",
            "force_detach_policies": false,
            "id": "kubernetes-example-cluster-role",
            "inline_policy": [],
            "managed_policy_arns": [],
            "max_session_duration": 3600,
            "name": "kubernetes-example-cluster-role",
            "name_prefix": "",
            "path": "/",
            "permissions_boundary": "",
            "tags": null,
            "tags_all": {},
            "unique_id": "AROARHXT2IOSGJPDM35H5"
          },
          "sensitive_attributes": [],
          "private": "bnVsbA==",
          "dependencies": [
            "module.eks_cluster.data.aws_iam_policy_document.cluster_assume_role"
          ]
        }
      ]
    },
    {
      "module": "module.eks_cluster",
      "mode": "managed",
      "type": "aws_iam_role",
      "name": "node_group",
      "provider": "provider[\"registry.terraform.io/hashicorp/aws\"]",
      "instances": [
        {
          "schema_version": 0,
          "attributes": {
            "arn": "arn:aws:iam::085336933284:role/kubernetes-example-node-group",
            "assume_role_policy": "{\"Statement\":[{\"Action\":\"sts:AssumeRole\",\"Effect\":\"Allow\",\"Principal\":{\"Service\":\"ec2.amazonaws.com\"}}],\"Version\":\"2012-10-17\"}",
            "create_date": "2024-12-22T21:08:17Z",
            "description": "",
            "force_detach_policies": false,
            "id": "kubernetes-example-node-group",
            "inline_policy": [],
            "managed_policy_arns": [],
            "max_session_duration": 3600,
            "name": "kubernetes-example-node-group",
            "name_prefix": "",
            "path": "/",
            "permissions_boundary": "",
            "tags": null,
            "tags_all": {},
            "unique_id": "AROARHXT2IOSOF6ZL7H4R"
          },
          "sensitive_attributes": [],
          "private": "bnVsbA==",
          "dependencies": [
            "module.eks_cluster.data.aws_iam_policy_document.node_assume_role"
          ]
        }
      ]
    },
    {
      "module": "module.eks_cluster",
      "mode": "managed",
      "type": "aws_iam_role_policy_attachment",
      "name": "AmazonEC2ContainerRegistryReadOnly",
      "provider": "provider[\"registry.terraform.io/hashicorp/aws\"]",
      "instances": [
        {
          "schema_version": 0,
          "attributes": {
            "id": "kubernetes-example-node-group-20241222210820429800000001",
            "policy_arn": "arn:aws:iam::aws:policy/AmazonEC2ContainerRegistryReadOnly",
            "role": "kubernetes-example-node-group"
          },
          "sensitive_attributes": [],
          "private": "bnVsbA==",
          "dependencies": [
            "module.eks_cluster.aws_iam_role.node_group",
            "module.eks_cluster.data.aws_iam_policy_document.node_assume_role"
          ]
        }
      ]
    },
    {
      "module": "module.eks_cluster",
      "mode": "managed",
      "type": "aws_iam_role_policy_attachment",
      "name": "AmazonEKSClusterPolicy",
      "provider": "provider[\"registry.terraform.io/hashicorp/aws\"]",
      "instances": [
        {
          "schema_version": 0,
          "attributes": {
            "id": "kubernetes-example-cluster-role-20241222210820790000000004",
            "policy_arn": "arn:aws:iam::aws:policy/AmazonEKSClusterPolicy",
            "role": "kubernetes-example-cluster-role"
          },
          "sensitive_attributes": [],
          "private": "bnVsbA==",
          "dependencies": [
            "module.eks_cluster.aws_iam_role.cluster",
            "module.eks_cluster.data.aws_iam_policy_document.cluster_assume_role"
          ]
        }
      ]
    },
    {
      "module": "module.eks_cluster",
      "mode": "managed",
      "type": "aws_iam_role_policy_attachment",
      "name": "AmazonEKSWorkerNodePolicy",
      "provider": "provider[\"registry.terraform.io/hashicorp/aws\"]",
      "instances": [
        {
          "schema_version": 0,
          "attributes": {
            "id": "kubernetes-example-node-group-20241222210820429800000002",
            "policy_arn": "arn:aws:iam::aws:policy/AmazonEKSWorkerNodePolicy",
            "role": "kubernetes-example-node-group"
          },
          "sensitive_attributes": [],
          "private": "bnVsbA==",
          "dependencies": [
            "module.eks_cluster.aws_iam_role.node_group",
            "module.eks_cluster.data.aws_iam_policy_document.node_assume_role"
          ]
        }
      ]
    },
    {
      "module": "module.eks_cluster",
      "mode": "managed",
      "type": "aws_iam_role_policy_attachment",
      "name": "AmazonEKS_CNI_Policy",
      "provider": "provider[\"registry.terraform.io/hashicorp/aws\"]",
      "instances": [
        {
          "schema_version": 0,
          "attributes": {
            "id": "kubernetes-example-node-group-20241222210820752000000003",
            "policy_arn": "arn:aws:iam::aws:policy/AmazonEKS_CNI_Policy",
            "role": "kubernetes-example-node-group"
          },
          "sensitive_attributes": [],
          "private": "bnVsbA==",
          "dependencies": [
            "module.eks_cluster.aws_iam_role.node_group",
            "module.eks_cluster.data.aws_iam_policy_document.node_assume_role"
          ]
        }
      ]
    },
    {
      "module": "module.simple_webapp",
      "mode": "managed",
      "type": "kubernetes_deployment",
      "name": "app",
      "provider": "provider[\"registry.terraform.io/hashicorp/kubernetes\"]",
      "instances": [
        {
          "schema_version": 1,
          "attributes": {
            "id": "default/simple-webapp",
            "metadata": [
              {
                "annotations": null,
                "generate_name": "",
                "generation": 1,
                "labels": null,
                "name": "simple-webapp",
                "namespace": "default",
                "resource_version": "1020",
                "uid": "a0620da5-8245-4030-9eb2-638a9013bb97"
              }
            ],
            "spec": [
              {
                "min_ready_seconds": 0,
                "paused": false,
                "progress_deadline_seconds": 600,
                "replicas": "2",
                "revision_history_limit": 10,
                "selector": [
                  {
                    "match_expressions": [],
                    "match_labels": {
                      "app": "simple-webapp"
                    }
                  }
                ],
                "strategy": [
                  {
                    "rolling_update": [
                      {
                        "max_surge": "25%",
                        "max_unavailable": "25%"
                      }
                    ],
                    "type": "RollingUpdate"
                  }
                ],
                "template": [
                  {
                    "metadata": [
                      {
                        "annotations": null,
                        "generate_name": "",
                        "generation": 0,
                        "labels": {
                          "app": "simple-webapp"
                        },
                        "name": "",
                        "namespace": "",
                        "resource_version": "",
                        "uid": ""
                      }
                    ],
                    "spec": [
                      {
                        "active_deadline_seconds": 0,
                        "affinity": [],
                        "automount_service_account_token": true,
                        "container": [
                          {
                            "args": null,
                            "command": null,
                            "env": [
                              {
                                "name": "PROVIDER",
                                "value": "Terraform",
                                "value_from": []
                              }
                            ],
                            "env_from": [],
                            "image": "training/webapp",
                            "image_pull_policy": "Always",
                            "lifecycle": [],
                            "liveness_probe": [],
                            "name": "simple-webapp",
                            "port": [
                              {
                                "container_port": 5000,
                                "host_ip": "",
                                "host_port": 0,
                                "name": "",
                                "protocol": "TCP"
                              }
                            ],
                            "readiness_probe": [],
                            "resources": [
                              {
                                "limits": {},
                                "requests": {}
                              }
                            ],
                            "security_context": [],
                            "startup_probe": [],
                            "stdin": false,
                            "stdin_once": false,
                            "termination_message_path": "/dev/termination-log",
                            "termination_message_policy": "File",
                            "tty": false,
                            "volume_device": [],
                            "volume_mount": [],
                            "working_dir": ""
                          }
                        ],
                        "dns_config": [],
                        "dns_policy": "ClusterFirst",
                        "enable_service_links": true,
                        "host_aliases": [],
                        "host_ipc": false,
                        "host_network": false,
                        "host_pid": false,
                        "hostname": "",
                        "image_pull_secrets": [],
                        "init_container": [],
                        "node_name": "",
                        "node_selector": null,
                        "os": [],
                        "priority_class_name": "",
                        "readiness_gate": [],
                        "restart_policy": "Always",
                        "runtime_class_name": "",
                        "scheduler_name": "default-scheduler",
                        "security_context": [],
                        "service_account_name": "",
                        "share_process_namespace": false,
                        "subdomain": "",
                        "termination_grace_period_seconds": 30,
                        "toleration": [],
                        "topology_spread_constraint": [],
                        "volume": []
                      }
                    ]
                  }
                ]
              }
            ],
            "timeouts": null,
            "wait_for_rollout": true
          },
          "sensitive_attributes": [],
          "private": "eyJlMmJmYjczMC1lY2FhLTExZTYtOGY4OC0zNDM2M2JjN2M0YzAiOnsiY3JlYXRlIjo2MDAwMDAwMDAwMDAsImRlbGV0ZSI6NjAwMDAwMDAwMDAwLCJ1cGRhdGUiOjYwMDAwMDAwMDAwMH0sInNjaGVtYV92ZXJzaW9uIjoiMSJ9",
          "dependencies": [
            "data.aws_eks_cluster_auth.cluster",
            "module.eks_cluster.aws_eks_cluster.cluster",
            "module.eks_cluster.aws_eks_node_group.nodes",
            "module.eks_cluster.aws_iam_role.cluster",
            "module.eks_cluster.aws_iam_role.node_group",
            "module.eks_cluster.aws_iam_role_policy_attachment.AmazonEC2ContainerRegistryReadOnly",
            "module.eks_cluster.aws_iam_role_policy_attachment.AmazonEKSClusterPolicy",
            "module.eks_cluster.aws_iam_role_policy_attachment.AmazonEKSWorkerNodePolicy",
            "module.eks_cluster.aws_iam_role_policy_attachment.AmazonEKS_CNI_Policy",
            "module.eks_cluster.data.aws_iam_policy_document.cluster_assume_role",
            "module.eks_cluster.data.aws_iam_policy_document.node_assume_role",
            "module.eks_cluster.data.aws_subnets.default",
            "module.eks_cluster.data.aws_vpc.default"
          ]
        }
      ]
    },
    {
      "module": "module.simple_webapp",
      "mode": "managed",
      "type": "kubernetes_service",
      "name": "app",
      "provider": "provider[\"registry.terraform.io/hashicorp/kubernetes\"]",
      "instances": [
        {
          "schema_version": 1,
          "attributes": {
            "id": "default/simple-webapp",
            "metadata": [
              {
                "annotations": null,
                "generate_name": "",
                "generation": 0,
                "labels": null,
                "name": "simple-webapp",
                "namespace": "default",
                "resource_version": "956",
                "uid": "f251442b-e911-41e9-a2bf-55827e395bcf"
              }
            ],
            "spec": [
              {
                "allocate_load_balancer_node_ports": true,
                "cluster_ip": "10.100.85.29",
                "cluster_ips": [
                  "10.100.85.29"
                ],
                "external_ips": null,
                "external_name": "",
                "external_traffic_policy": "Cluster",
                "health_check_node_port": 0,
                "internal_traffic_policy": "Cluster",
                "ip_families": [
                  "IPv4"
                ],
                "ip_family_policy": "SingleStack",
                "load_balancer_class": "",
                "load_balancer_ip": "",
                "load_balancer_source_ranges": null,
                "port": [
                  {
                    "app_protocol": "",
                    "name": "",
                    "node_port": 30556,
                    "port": 80,
                    "protocol": "TCP",
                    "target_port": "5000"
                  }
                ],
                "publish_not_ready_addresses": false,
                "selector": {
                  "app": "simple-webapp"
                },
                "session_affinity": "None",
                "session_affinity_config": [],
                "type": "LoadBalancer"
              }
            ],
            "status": [
              {
                "load_balancer": [
                  {
                    "ingress": [
                      {
                        "hostname": "af251442be91141e9a2bf55827e395bc-977784699.us-east-2.elb.amazonaws.com",
                        "ip": ""
                      }
                    ]
                  }
                ]
              }
            ],
            "timeouts": null,
            "wait_for_load_balancer": true
          },
          "sensitive_attributes": [],
          "private": "eyJlMmJmYjczMC1lY2FhLTExZTYtOGY4OC0zNDM2M2JjN2M0YzAiOnsiY3JlYXRlIjo2MDAwMDAwMDAwMDB9LCJzY2hlbWFfdmVyc2lvbiI6IjEifQ==",
          "dependencies": [
            "data.aws_eks_cluster_auth.cluster",
            "module.eks_cluster.aws_eks_cluster.cluster",
            "module.eks_cluster.aws_eks_node_group.nodes",
            "module.eks_cluster.aws_iam_role.cluster",
            "module.eks_cluster.aws_iam_role.node_group",
            "module.eks_cluster.aws_iam_role_policy_attachment.AmazonEC2ContainerRegistryReadOnly",
            "module.eks_cluster.aws_iam_role_policy_attachment.AmazonEKSClusterPolicy",
            "module.eks_cluster.aws_iam_role_policy_attachment.AmazonEKSWorkerNodePolicy",
            "module.eks_cluster.aws_iam_role_policy_attachment.AmazonEKS_CNI_Policy",
            "module.eks_cluster.data.aws_iam_policy_document.cluster_assume_role",
            "module.eks_cluster.data.aws_iam_policy_document.node_assume_role",
            "module.eks_cluster.data.aws_subnets.default",
            "module.eks_cluster.data.aws_vpc.default"
          ]
        }
      ]
    }
  ],
  "check_results": null
}
